
Microsoft Visual Studio Solution File, Format Version 12.00
# Visual Studio Version 17
VisualStudioVersion = 17.11.35312.102
MinimumVisualStudioVersion = 10.0.40219.1
Project("{FAE04EC0-301F-11D3-BF4B-00C04F79EFBC}") = "LexiQ-api", "LexiQ-api\LexiQ-api.csproj", "{7593E29E-A686-4556-AD4F-4970D3AFD026}"
EndProject
Global
	GlobalSection(SolutionConfigurationPlatforms) = preSolution
		Debug|Any CPU = Debug|Any CPU
		Release|Any CPU = Release|Any CPU
	EndGlobalSection
	GlobalSection(ProjectConfigurationPlatforms) = postSolution
		{7593E29E-A686-4556-AD4F-4970D3AFD026}.Debug|Any CPU.ActiveCfg = Debug|Any CPU
		{7593E29E-A686-4556-AD4F-4970D3AFD026}.Debug|Any CPU.Build.0 = Debug|Any CPU
		{7593E29E-A686-4556-AD4F-4970D3AFD026}.Release|Any CPU.ActiveCfg = Release|Any CPU
		{7593E29E-A686-4556-AD4F-4970D3AFD026}.Release|Any CPU.Build.0 = Release|Any CPU
	EndGlobalSection
	GlobalSection(SolutionProperties) = preSolution
		HideSolutionNode = FALSE
	EndGlobalSection
	GlobalSection(ExtensibilityGlobals) = postSolution
		SolutionGuid = {2EF1E0A5-A96A-4402-9885-552A2E723990}
	EndGlobalSection
EndGlobal
